
Microsoft Visual Studio Solution File, Format Version 12.00
# Visual Studio Version 17
VisualStudioVersion = 17.14.36310.24 d17.14
MinimumVisualStudioVersion = 10.0.40219.1
Project("{FAE04EC0-301F-11D3-BF4B-00C04F79EFBC}") = "BasicDebugger", "BasicDebugger\BasicDebugger.csproj", "{A73C8DBC-4F37-4A23-AB6C-F5C887994A8B}"
EndProject
Global
	GlobalSection(SolutionConfigurationPlatforms) = preSolution
		Debug|Any CPU = Debug|Any CPU
		Release|Any CPU = Release|Any CPU
	EndGlobalSection
	GlobalSection(ProjectConfigurationPlatforms) = postSolution
		{A73C8DBC-4F37-4A23-AB6C-F5C887994A8B}.Debug|Any CPU.ActiveCfg = Debug|Any CPU
		{A73C8DBC-4F37-4A23-AB6C-F5C887994A8B}.Debug|Any CPU.Build.0 = Debug|Any CPU
		{A73C8DBC-4F37-4A23-AB6C-F5C887994A8B}.Release|Any CPU.ActiveCfg = Release|Any CPU
		{A73C8DBC-4F37-4A23-AB6C-F5C887994A8B}.Release|Any CPU.Build.0 = Release|Any CPU
	EndGlobalSection
	GlobalSection(SolutionProperties) = preSolution
		HideSolutionNode = FALSE
	EndGlobalSection
	GlobalSection(ExtensibilityGlobals) = postSolution
		SolutionGuid = {AB6DEA28-BFAC-4447-99B4-49D15995CBBF}
	EndGlobalSection
EndGlobal
